{
  "requires": true,
  "lockfileVersion": 1,
  "dependencies": {
    "@popperjs/core": {
      "version": "2.9.0",
      "resolved": "https://registry.npmjs.org/@popperjs/core/-/core-2.9.0.tgz",
      "integrity": "sha512-wjtKehFAIARq2OxK8j3JrggNlEslJfNuSm2ArteIbKyRMts2g0a7KzTxfRVNUM+O0gnBJ2hNV8nWPOYBgI1sew=="
    },
    "d3-array": {
      "version": "2.11.0",
      "resolved": "https://registry.npmjs.org/d3-array/-/d3-array-2.11.0.tgz",
      "integrity": "sha512-26clcwmHQEdsLv34oNKq5Ia9tQ26Y/4HqS3dQzF42QBUqymZJ+9PORcN1G52bt37NsL2ABoX4lvyYZc+A9Y0zw==",
      "requires": {
        "internmap": "^1.0.0"
      }
    },
    "d3-color": {
      "version": "2.0.0",
      "resolved": "https://registry.npmjs.org/d3-color/-/d3-color-2.0.0.tgz",
      "integrity": "sha512-SPXi0TSKPD4g9tw0NMZFnR95XVgUZiBH+uUTqQuDu1OsE2zomHU7ho0FISciaPvosimixwHFl3WHLGabv6dDgQ=="
    },
    "d3-format": {
      "version": "2.0.0",
      "resolved": "https://registry.npmjs.org/d3-format/-/d3-format-2.0.0.tgz",
      "integrity": "sha512-Ab3S6XuE/Q+flY96HXT0jOXcM4EAClYFnRGY5zsjRGNy6qCYrQsMffs7cV5Q9xejb35zxW5hf/guKw34kvIKsA=="
    },
    "d3-interpolate": {
      "version": "2.0.1",
      "resolved": "https://registry.npmjs.org/d3-interpolate/-/d3-interpolate-2.0.1.tgz",
      "integrity": "sha512-c5UhwwTs/yybcmTpAVqwSFl6vrQ8JZJoT5F7xNFK9pymv5C0Ymcc9/LIJHtYIggg/yS9YHw8i8O8tgb9pupjeQ==",
      "requires": {
        "d3-color": "1 - 2"
      }
    },
    "d3-scale": {
      "version": "3.2.3",
      "resolved": "https://registry.npmjs.org/d3-scale/-/d3-scale-3.2.3.tgz",
      "integrity": "sha512-8E37oWEmEzj57bHcnjPVOBS3n4jqakOeuv1EDdQSiSrYnMCBdMd3nc4HtKk7uia8DUHcY/CGuJ42xxgtEYrX0g==",
      "requires": {
        "d3-array": "^2.3.0",
        "d3-format": "1 - 2",
        "d3-interpolate": "1.2.0 - 2",
        "d3-time": "1 - 2",
        "d3-time-format": "2 - 3"
      }
    },
    "d3-time": {
      "version": "2.0.0",
      "resolved": "https://registry.npmjs.org/d3-time/-/d3-time-2.0.0.tgz",
      "integrity": "sha512-2mvhstTFcMvwStWd9Tj3e6CEqtOivtD8AUiHT8ido/xmzrI9ijrUUihZ6nHuf/vsScRBonagOdj0Vv+SEL5G3Q=="
    },
    "d3-time-format": {
      "version": "3.0.0",
      "resolved": "https://registry.npmjs.org/d3-time-format/-/d3-time-format-3.0.0.tgz",
      "integrity": "sha512-UXJh6EKsHBTjopVqZBhFysQcoXSv/5yLONZvkQ5Kk3qbwiUYkdX17Xa1PT6U1ZWXGGfB1ey5L8dKMlFq2DO0Ag==",
      "requires": {
        "d3-time": "1 - 2"
      }
    },
    "es6-tween": {
      "version": "5.5.11",
      "resolved": "https://registry.npmjs.org/es6-tween/-/es6-tween-5.5.11.tgz",
      "integrity": "sha512-pRog/aPrGkPnblRJvuGcVTxlLqIu1TivB39zc6lw7jgOqIyOkqTBlTVr7ynlLjVGviezfYc3CZJWVAtOU3aoXQ=="
    },
    "internmap": {
      "version": "1.0.0",
      "resolved": "https://registry.npmjs.org/internmap/-/internmap-1.0.0.tgz",
      "integrity": "sha512-SdoDWwNOTE2n4JWUsLn4KXZGuZPjPF9yyOGc8bnfWnBQh7BD/l80rzSznKc/r4Y0aQ7z3RTk9X+tV4tHBpu+dA=="
    },
    "js-tokens": {
      "version": "4.0.0",
      "resolved": "https://registry.npmjs.org/js-tokens/-/js-tokens-4.0.0.tgz",
      "integrity": "sha512-RdJUflcE3cUzKiMqQgsCu06FPu9UdIJO0beYbPhHN4k6apgJtifcoCtT9bcxOpYBtpD2kCM6Sbzg4CausW/PKQ=="
    },
    "loose-envify": {
      "version": "1.4.0",
      "resolved": "https://registry.npmjs.org/loose-envify/-/loose-envify-1.4.0.tgz",
      "integrity": "sha512-lyuxPGr/Wfhrlem2CL/UcnUc1zcqKAImBDzukY7Y5F/yQiNdko6+fRLevlw1HgMySw7f611UIY408EtxRSoK3Q==",
      "requires": {
        "js-tokens": "^3.0.0 || ^4.0.0"
      }
    },
    "object-assign": {
      "version": "4.1.1",
      "resolved": "https://registry.npmjs.org/object-assign/-/object-assign-4.1.1.tgz",
      "integrity": "sha1-IQmtx5ZYh8/AXLvUQsrIv7s2CGM="
    },
    "react": {
      "version": "17.0.1",
      "resolved": "https://registry.npmjs.org/react/-/react-17.0.1.tgz",
      "integrity": "sha512-lG9c9UuMHdcAexXtigOZLX8exLWkW0Ku29qPRU8uhF2R9BN96dLCt0psvzPLlHc5OWkgymP3qwTRgbnw5BKx3w==",
      "requires": {
        "loose-envify": "^1.1.0",
        "object-assign": "^4.1.1"
      }
    },
    "react-globe": {
      "version": "5.0.2",
      "resolved": "https://registry.npmjs.org/react-globe/-/react-globe-5.0.2.tgz",
      "integrity": "sha512-ODLuPsmmbhiiOzF3Dqq5m4IYxxkA8r7oc2MPF4SgedkRLLptD8LsF6BrQhc4N/rMf/H4Hpv1gSaXJOClQRYnsw==",
      "requires": {
        "d3-scale": "^3.0.0",
        "es6-tween": "^5.5.10",
        "resize-observer-polyfill": "^1.5.1",
        "three-glow-mesh": "^0.1.2",
        "three.interaction": "^0.2.3",
        "tippy.js": "^6.2.6"
      }
    },
    "resize-observer-polyfill": {
      "version": "1.5.1",
      "resolved": "https://registry.npmjs.org/resize-observer-polyfill/-/resize-observer-polyfill-1.5.1.tgz",
      "integrity": "sha512-LwZrotdHOo12nQuZlHEmtuXdqGoOD0OhaxopaNFxWzInpEgaLWoVuAMbTzixuosCx2nEG58ngzW3vxdWoxIgdg=="
    },
    "three-glow-mesh": {
      "version": "0.1.2",
      "resolved": "https://registry.npmjs.org/three-glow-mesh/-/three-glow-mesh-0.1.2.tgz",
      "integrity": "sha512-sjiRl8PdRuc5xzZtaAusumx4sS/zRAYiFSQ1bNefRrJOXgu+ZHxq4/vYwRoa85PwPKLkp2SCo3Lu4JfJrphngw=="
    },
    "three.interaction": {
      "version": "0.2.3",
      "resolved": "https://registry.npmjs.org/three.interaction/-/three.interaction-0.2.3.tgz",
      "integrity": "sha512-gipj4E9WSASSys3SC5uU8HPmHodTDYmggJqKN5yjl6S2vG966EkGLu67jkXQoyB/yvGx38C72vHwdjICAh+avg=="
    },
    "tippy.js": {
      "version": "6.3.1",
      "resolved": "https://registry.npmjs.org/tippy.js/-/tippy.js-6.3.1.tgz",
      "integrity": "sha512-JnFncCq+rF1dTURupoJ4yPie5Cof978inW6/4S6kmWV7LL9YOSEVMifED3KdrVPEG+Z/TFH2CDNJcQEfaeuQww==",
      "requires": {
        "@popperjs/core": "^2.8.3"
      }
    }
  }
}
